
Microsoft Visual Studio Solution File, Format Version 12.00
# Visual Studio 15
VisualStudioVersion = 15.0.27703.2000
MinimumVisualStudioVersion = 10.0.40219.1
Project("{FAE04EC0-301F-11D3-BF4B-00C04F79EFBC}") = "Counter Calorie", "Counter Calorie\Counter Calorie.csproj", "{F128C2D2-56B4-4FF8-8503-3A9670A13AAE}"
EndProject
Global
	GlobalSection(SolutionConfigurationPlatforms) = preSolution
		Debug|Any CPU = Debug|Any CPU
		Release|Any CPU = Release|Any CPU
	EndGlobalSection
	GlobalSection(ProjectConfigurationPlatforms) = postSolution
		{F128C2D2-56B4-4FF8-8503-3A9670A13AAE}.Debug|Any CPU.ActiveCfg = Debug|Any CPU
		{F128C2D2-56B4-4FF8-8503-3A9670A13AAE}.Debug|Any CPU.Build.0 = Debug|Any CPU
		{F128C2D2-56B4-4FF8-8503-3A9670A13AAE}.Release|Any CPU.ActiveCfg = Release|Any CPU
		{F128C2D2-56B4-4FF8-8503-3A9670A13AAE}.Release|Any CPU.Build.0 = Release|Any CPU
	EndGlobalSection
	GlobalSection(SolutionProperties) = preSolution
		HideSolutionNode = FALSE
	EndGlobalSection
	GlobalSection(ExtensibilityGlobals) = postSolution
		SolutionGuid = {CC91BE18-ACA2-40FF-932A-A7E4CBCC65E3}
	EndGlobalSection
EndGlobal
